
Microsoft Visual Studio Solution File, Format Version 12.00
# Visual Studio Version 17
VisualStudioVersion = 17.6.33829.357
MinimumVisualStudioVersion = 10.0.40219.1
Project("{FAE04EC0-301F-11D3-BF4B-00C04F79EFBC}") = "ETS.UI", "ETS.UI.csproj", "{02581EC2-42FF-4CE3-B489-24E634B2C40D}"
EndProject
Global
	GlobalSection(SolutionConfigurationPlatforms) = preSolution
		Debug|Any CPU = Debug|Any CPU
		Release|Any CPU = Release|Any CPU
	EndGlobalSection
	GlobalSection(ProjectConfigurationPlatforms) = postSolution
		{02581EC2-42FF-4CE3-B489-24E634B2C40D}.Debug|Any CPU.ActiveCfg = Debug|Any CPU
		{02581EC2-42FF-4CE3-B489-24E634B2C40D}.Debug|Any CPU.Build.0 = Debug|Any CPU
		{02581EC2-42FF-4CE3-B489-24E634B2C40D}.Release|Any CPU.ActiveCfg = Release|Any CPU
		{02581EC2-42FF-4CE3-B489-24E634B2C40D}.Release|Any CPU.Build.0 = Release|Any CPU
	EndGlobalSection
	GlobalSection(SolutionProperties) = preSolution
		HideSolutionNode = FALSE
	EndGlobalSection
	GlobalSection(ExtensibilityGlobals) = postSolution
		SolutionGuid = {5AFAEFA9-F57A-49A8-868E-BD5B5AB4A245}
	EndGlobalSection
EndGlobal
